
Microsoft Visual Studio Solution File, Format Version 12.00
# Visual Studio 15
VisualStudioVersion = 15.0.26430.6
MinimumVisualStudioVersion = 10.0.40219.1
Project("{8BC9CEB8-8B4A-11D0-8D11-00A0C91BC942}") = "X", "X\X.vcxproj", "{6682BFD4-C79F-49BD-A114-6EE8FB79E8C3}"
EndProject
Project("{2150E333-8FDC-42A3-9474-1A3956D46DE8}") = "Externals", "Externals", "{856ED680-E9A4-400F-ADFF-D3C492DCA608}"
EndProject
Project("{8BC9CEB8-8B4A-11D0-8D11-00A0C91BC942}") = "DirectXTK_Desktop_2017", "X\External\DirectXTK\DirectXTK_Desktop_2017.vcxproj", "{CDE5A2F9-D904-4B88-B6CA-2964E9B5DBC4}"
EndProject
Project("{8BC9CEB8-8B4A-11D0-8D11-00A0C91BC942}") = "ImGui", "X\External\ImGui\ImGui.vcxproj", "{BFF9C813-01AF-43B3-A23E-2C62F332B994}"
EndProject
Project("{8BC9CEB8-8B4A-11D0-8D11-00A0C91BC942}") = "DirectXTKAudio_Desktop_2017_Win8", "X\External\DirectXTK\Audio\DirectXTKAudio_Desktop_2017_Win8.vcxproj", "{4F150A30-CECB-49D1-8283-6A3F57438CF5}"
EndProject
Project("{2150E333-8FDC-42A3-9474-1A3956D46DE8}") = "Framework", "Framework", "{7E061F9B-0D7E-405B-A73A-C2D28A755FB9}"
EndProject
Project("{8BC9CEB8-8B4A-11D0-8D11-00A0C91BC942}") = "FW1FontWrapper", "X\External\FW1FontWrapper\FW1FontWrapper.vcxproj", "{0D034612-14E2-44E7-993A-72344A2CA7BD}"
EndProject
Project("{2150E333-8FDC-42A3-9474-1A3956D46DE8}") = "VGP332", "VGP332", "{FA607CA0-A7E8-416E-A86F-4629364835F8}"
EndProject
Project("{8BC9CEB8-8B4A-11D0-8D11-00A0C91BC942}") = "HelloPathfinding", "VGP332\HelloPathfinding\HelloPathfinding.vcxproj", "{6791AD84-667B-43A1-8A58-6BC083942439}"
EndProject
Project("{8BC9CEB8-8B4A-11D0-8D11-00A0C91BC942}") = "AI", "AI\AI.vcxproj", "{2A5FFF7A-61E7-4D0B-8E5E-85FABD66B978}"
EndProject
Project("{8BC9CEB8-8B4A-11D0-8D11-00A0C91BC942}") = "HelloFSM", "VGP332\HelloFSM\HelloFSM.vcxproj", "{8A219679-F390-4E23-B357-E520F038C0F7}"
EndProject
Project("{8BC9CEB8-8B4A-11D0-8D11-00A0C91BC942}") = "HelloSteering", "VGP332\HelloSteering\HelloSteering.vcxproj", "{FC1BFA31-46F7-403E-B829-21E84BB00B06}"
EndProject
Global
	GlobalSection(SolutionConfigurationPlatforms) = preSolution
		Debug|x64 = Debug|x64
		Debug|x86 = Debug|x86
		Release|x64 = Release|x64
		Release|x86 = Release|x86
	EndGlobalSection
	GlobalSection(ProjectConfigurationPlatforms) = postSolution
		{6682BFD4-C79F-49BD-A114-6EE8FB79E8C3}.Debug|x64.ActiveCfg = Debug|x64
		{6682BFD4-C79F-49BD-A114-6EE8FB79E8C3}.Debug|x64.Build.0 = Debug|x64
		{6682BFD4-C79F-49BD-A114-6EE8FB79E8C3}.Debug|x86.ActiveCfg = Debug|Win32
		{6682BFD4-C79F-49BD-A114-6EE8FB79E8C3}.Debug|x86.Build.0 = Debug|Win32
		{6682BFD4-C79F-49BD-A114-6EE8FB79E8C3}.Release|x64.ActiveCfg = Release|x64
		{6682BFD4-C79F-49BD-A114-6EE8FB79E8C3}.Release|x64.Build.0 = Release|x64
		{6682BFD4-C79F-49BD-A114-6EE8FB79E8C3}.Release|x86.ActiveCfg = Release|Win32
		{6682BFD4-C79F-49BD-A114-6EE8FB79E8C3}.Release|x86.Build.0 = Release|Win32
		{CDE5A2F9-D904-4B88-B6CA-2964E9B5DBC4}.Debug|x64.ActiveCfg = Debug|x64
		{CDE5A2F9-D904-4B88-B6CA-2964E9B5DBC4}.Debug|x64.Build.0 = Debug|x64
		{CDE5A2F9-D904-4B88-B6CA-2964E9B5DBC4}.Debug|x86.ActiveCfg = Debug|Win32
		{CDE5A2F9-D904-4B88-B6CA-2964E9B5DBC4}.Debug|x86.Build.0 = Debug|Win32
		{CDE5A2F9-D904-4B88-B6CA-2964E9B5DBC4}.Release|x64.ActiveCfg = Release|x64
		{CDE5A2F9-D904-4B88-B6CA-2964E9B5DBC4}.Release|x64.Build.0 = Release|x64
		{CDE5A2F9-D904-4B88-B6CA-2964E9B5DBC4}.Release|x86.ActiveCfg = Release|Win32
		{CDE5A2F9-D904-4B88-B6CA-2964E9B5DBC4}.Release|x86.Build.0 = Release|Win32
		{BFF9C813-01AF-43B3-A23E-2C62F332B994}.Debug|x64.ActiveCfg = Debug|x64
		{BFF9C813-01AF-43B3-A23E-2C62F332B994}.Debug|x64.Build.0 = Debug|x64
		{BFF9C813-01AF-43B3-A23E-2C62F332B994}.Debug|x86.ActiveCfg = Debug|Win32
		{BFF9C813-01AF-43B3-A23E-2C62F332B994}.Debug|x86.Build.0 = Debug|Win32
		{BFF9C813-01AF-43B3-A23E-2C62F332B994}.Release|x64.ActiveCfg = Release|x64
		{BFF9C813-01AF-43B3-A23E-2C62F332B994}.Release|x64.Build.0 = Release|x64
		{BFF9C813-01AF-43B3-A23E-2C62F332B994}.Release|x86.ActiveCfg = Release|Win32
		{BFF9C813-01AF-43B3-A23E-2C62F332B994}.Release|x86.Build.0 = Release|Win32
		{4F150A30-CECB-49D1-8283-6A3F57438CF5}.Debug|x64.ActiveCfg = Debug|x64
		{4F150A30-CECB-49D1-8283-6A3F57438CF5}.Debug|x64.Build.0 = Debug|x64
		{4F150A30-CECB-49D1-8283-6A3F57438CF5}.Debug|x86.ActiveCfg = Debug|Win32
		{4F150A30-CECB-49D1-8283-6A3F57438CF5}.Debug|x86.Build.0 = Debug|Win32
		{4F150A30-CECB-49D1-8283-6A3F57438CF5}.Release|x64.ActiveCfg = Release|x64
		{4F150A30-CECB-49D1-8283-6A3F57438CF5}.Release|x64.Build.0 = Release|x64
		{4F150A30-CECB-49D1-8283-6A3F57438CF5}.Release|x86.ActiveCfg = Release|Win32
		{4F150A30-CECB-49D1-8283-6A3F57438CF5}.Release|x86.Build.0 = Release|Win32
		{0D034612-14E2-44E7-993A-72344A2CA7BD}.Debug|x64.ActiveCfg = Debug|x64
		{0D034612-14E2-44E7-993A-72344A2CA7BD}.Debug|x64.Build.0 = Debug|x64
		{0D034612-14E2-44E7-993A-72344A2CA7BD}.Debug|x86.ActiveCfg = Debug|Win32
		{0D034612-14E2-44E7-993A-72344A2CA7BD}.Debug|x86.Build.0 = Debug|Win32
		{0D034612-14E2-44E7-993A-72344A2CA7BD}.Release|x64.ActiveCfg = Release|x64
		{0D034612-14E2-44E7-993A-72344A2CA7BD}.Release|x64.Build.0 = Release|x64
		{0D034612-14E2-44E7-993A-72344A2CA7BD}.Release|x86.ActiveCfg = Release|Win32
		{0D034612-14E2-44E7-993A-72344A2CA7BD}.Release|x86.Build.0 = Release|Win32
		{6791AD84-667B-43A1-8A58-6BC083942439}.Debug|x64.ActiveCfg = Debug|x64
		{6791AD84-667B-43A1-8A58-6BC083942439}.Debug|x64.Build.0 = Debug|x64
		{6791AD84-667B-43A1-8A58-6BC083942439}.Debug|x86.ActiveCfg = Debug|Win32
		{6791AD84-667B-43A1-8A58-6BC083942439}.Debug|x86.Build.0 = Debug|Win32
		{6791AD84-667B-43A1-8A58-6BC083942439}.Release|x64.ActiveCfg = Release|x64
		{6791AD84-667B-43A1-8A58-6BC083942439}.Release|x64.Build.0 = Release|x64
		{6791AD84-667B-43A1-8A58-6BC083942439}.Release|x86.ActiveCfg = Release|Win32
		{6791AD84-667B-43A1-8A58-6BC083942439}.Release|x86.Build.0 = Release|Win32
		{2A5FFF7A-61E7-4D0B-8E5E-85FABD66B978}.Debug|x64.ActiveCfg = Debug|x64
		{2A5FFF7A-61E7-4D0B-8E5E-85FABD66B978}.Debug|x64.Build.0 = Debug|x64
		{2A5FFF7A-61E7-4D0B-8E5E-85FABD66B978}.Debug|x86.ActiveCfg = Debug|Win32
		{2A5FFF7A-61E7-4D0B-8E5E-85FABD66B978}.Debug|x86.Build.0 = Debug|Win32
		{2A5FFF7A-61E7-4D0B-8E5E-85FABD66B978}.Release|x64.ActiveCfg = Release|x64
		{2A5FFF7A-61E7-4D0B-8E5E-85FABD66B978}.Release|x64.Build.0 = Release|x64
		{2A5FFF7A-61E7-4D0B-8E5E-85FABD66B978}.Release|x86.ActiveCfg = Release|Win32
		{2A5FFF7A-61E7-4D0B-8E5E-85FABD66B978}.Release|x86.Build.0 = Release|Win32
		{8A219679-F390-4E23-B357-E520F038C0F7}.Debug|x64.ActiveCfg = Debug|x64
		{8A219679-F390-4E23-B357-E520F038C0F7}.Debug|x64.Build.0 = Debug|x64
		{8A219679-F390-4E23-B357-E520F038C0F7}.Debug|x86.ActiveCfg = Debug|Win32
		{8A219679-F390-4E23-B357-E520F038C0F7}.Debug|x86.Build.0 = Debug|Win32
		{8A219679-F390-4E23-B357-E520F038C0F7}.Release|x64.ActiveCfg = Release|x64
		{8A219679-F390-4E23-B357-E520F038C0F7}.Release|x64.Build.0 = Release|x64
		{8A219679-F390-4E23-B357-E520F038C0F7}.Release|x86.ActiveCfg = Release|Win32
		{8A219679-F390-4E23-B357-E520F038C0F7}.Release|x86.Build.0 = Release|Win32
		{FC1BFA31-46F7-403E-B829-21E84BB00B06}.Debug|x64.ActiveCfg = Debug|x64
		{FC1BFA31-46F7-403E-B829-21E84BB00B06}.Debug|x64.Build.0 = Debug|x64
		{FC1BFA31-46F7-403E-B829-21E84BB00B06}.Debug|x86.ActiveCfg = Debug|Win32
		{FC1BFA31-46F7-403E-B829-21E84BB00B06}.Debug|x86.Build.0 = Debug|Win32
		{FC1BFA31-46F7-403E-B829-21E84BB00B06}.Release|x64.ActiveCfg = Release|x64
		{FC1BFA31-46F7-403E-B829-21E84BB00B06}.Release|x64.Build.0 = Release|x64
		{FC1BFA31-46F7-403E-B829-21E84BB00B06}.Release|x86.ActiveCfg = Release|Win32
		{FC1BFA31-46F7-403E-B829-21E84BB00B06}.Release|x86.Build.0 = Release|Win32
	EndGlobalSection
	GlobalSection(SolutionProperties) = preSolution
		HideSolutionNode = FALSE
	EndGlobalSection
	GlobalSection(NestedProjects) = preSolution
		{6682BFD4-C79F-49BD-A114-6EE8FB79E8C3} = {7E061F9B-0D7E-405B-A73A-C2D28A755FB9}
		{CDE5A2F9-D904-4B88-B6CA-2964E9B5DBC4} = {856ED680-E9A4-400F-ADFF-D3C492DCA608}
		{BFF9C813-01AF-43B3-A23E-2C62F332B994} = {856ED680-E9A4-400F-ADFF-D3C492DCA608}
		{4F150A30-CECB-49D1-8283-6A3F57438CF5} = {856ED680-E9A4-400F-ADFF-D3C492DCA608}
		{0D034612-14E2-44E7-993A-72344A2CA7BD} = {856ED680-E9A4-400F-ADFF-D3C492DCA608}
		{6791AD84-667B-43A1-8A58-6BC083942439} = {FA607CA0-A7E8-416E-A86F-4629364835F8}
		{2A5FFF7A-61E7-4D0B-8E5E-85FABD66B978} = {7E061F9B-0D7E-405B-A73A-C2D28A755FB9}
		{8A219679-F390-4E23-B357-E520F038C0F7} = {FA607CA0-A7E8-416E-A86F-4629364835F8}
		{FC1BFA31-46F7-403E-B829-21E84BB00B06} = {FA607CA0-A7E8-416E-A86F-4629364835F8}
	EndGlobalSection
	GlobalSection(ExtensibilityGlobals) = postSolution
		SolutionGuid = {2D84BED7-7031-4090-B4D3-57A9E4C0998B}
	EndGlobalSection
	GlobalSection(TeamFoundationVersionControl) = preSolution
		SccNumberOfProjects = 1
		SccEnterpriseProvider = {4CA58AB2-18FA-4F8D-95D4-32DDF27D184C}
		SccTeamFoundationServer = https://chong921130.visualstudio.com/
		SccProjectUniqueName0 = X\\External\\ImGui\\ImGui.vcxproj
		SccProjectTopLevelParentUniqueName0 = X.sln
		SccProjectName0 = X/External/ImGui
		SccAuxPath0 = https://chong921130.visualstudio.com
		SccLocalPath0 = X\\External\\ImGui
		SccProvider0 = {4CA58AB2-18FA-4F8D-95D4-32DDF27D184C}
	EndGlobalSection
EndGlobal
