<?xml version="1.0" encoding="utf-8"?>
<Project ToolsVersion="4.0" xmlns="http://schemas.microsoft.com/developer/msbuild/2003">
  <ItemGroup>
    <ClCompile Include="WinMain.cpp" />
    <ClCompile Include="Cat.cpp" />
    <ClCompile Include="Idle.cpp">
      <Filter>State</Filter>
    </ClCompile>
    <ClCompile Include="Run.cpp">
      <Filter>State</Filter>
    </ClCompile>
    <ClCompile Include="Meow.cpp">
      <Filter>State</Filter>
    </ClCompile>
    <ClCompile Include="State.cpp">
      <Filter>State</Filter>
    </ClCompile>
  </ItemGroup>
  <ItemGroup>
    <ClInclude Include="Cat.h" />
    <ClInclude Include="Idle.h">
      <Filter>State</Filter>
    </ClInclude>
    <ClInclude Include="CatState.h">
      <Filter>State</Filter>
    </ClInclude>
    <ClInclude Include="State.h">
      <Filter>State</Filter>
    </ClInclude>
    <ClInclude Include="Run.h">
      <Filter>State</Filter>
    </ClInclude>
    <ClInclude Include="Meow.h">
      <Filter>State</Filter>
    </ClInclude>
  </ItemGroup>
  <ItemGroup>
    <Filter Include="State">
      <UniqueIdentifier>{3eb308f9-5528-48c5-838e-ee5bb48c00bd}</UniqueIdentifier>
    </Filter>
  </ItemGroup>
</Project>