<?xml version="1.0" encoding="utf-8"?>
<Project ToolsVersion="4.0" xmlns="http://schemas.microsoft.com/developer/msbuild/2003">
  <ItemGroup>
    <Filter Include="Inc">
      <UniqueIdentifier>{d9905833-f872-4e71-833a-7cce9bb12748}</UniqueIdentifier>
    </Filter>
    <Filter Include="Src">
      <UniqueIdentifier>{6bdee170-281e-4d42-bd9f-718fed5ad034}</UniqueIdentifier>
    </Filter>
    <Filter Include="Inc\Pathing">
      <UniqueIdentifier>{769be329-0b3d-47f4-bbff-9e5e76721c8b}</UniqueIdentifier>
    </Filter>
    <Filter Include="Inc\FSM">
      <UniqueIdentifier>{228bc79e-694c-486e-8409-d3ac6d0f19b2}</UniqueIdentifier>
    </Filter>
    <Filter Include="Src\Pathing">
      <UniqueIdentifier>{52765920-b5d6-415e-ab03-e51bb52b8e3a}</UniqueIdentifier>
    </Filter>
    <Filter Include="Src\FSM">
      <UniqueIdentifier>{48abef1b-0710-4192-bdfe-eda63e6d27ad}</UniqueIdentifier>
    </Filter>
    <Filter Include="Inc\World">
      <UniqueIdentifier>{ac15202b-5bc9-4641-a6c2-4a8352b86012}</UniqueIdentifier>
    </Filter>
    <Filter Include="Src\World">
      <UniqueIdentifier>{d378d1ac-71ab-44a9-8ce8-5b99753bf801}</UniqueIdentifier>
    </Filter>
    <Filter Include="Inc\Steering">
      <UniqueIdentifier>{72950f37-83b0-49c8-bcc6-1e6eff792808}</UniqueIdentifier>
    </Filter>
    <Filter Include="Src\Steering">
      <UniqueIdentifier>{fe7270ad-d9d4-403c-aabf-8f859d4860c3}</UniqueIdentifier>
    </Filter>
  </ItemGroup>
  <ItemGroup>
    <ClInclude Include="Inc\Common.h">
      <Filter>Inc</Filter>
    </ClInclude>
    <ClInclude Include="Src\Precompiled.h">
      <Filter>Src</Filter>
    </ClInclude>
    <ClInclude Include="Inc\AStar.h">
      <Filter>Inc\Pathing</Filter>
    </ClInclude>
    <ClInclude Include="Inc\BFS.h">
      <Filter>Inc\Pathing</Filter>
    </ClInclude>
    <ClInclude Include="Inc\DFS.h">
      <Filter>Inc\Pathing</Filter>
    </ClInclude>
    <ClInclude Include="Inc\Dijkstras.h">
      <Filter>Inc\Pathing</Filter>
    </ClInclude>
    <ClInclude Include="Inc\StateMachine.h">
      <Filter>Inc\FSM</Filter>
    </ClInclude>
    <ClInclude Include="Inc\State.h">
      <Filter>Inc\FSM</Filter>
    </ClInclude>
    <ClInclude Include="Inc\Graph.h">
      <Filter>Inc\Pathing</Filter>
    </ClInclude>
    <ClInclude Include="Inc\AI.h">
      <Filter>Inc</Filter>
    </ClInclude>
    <ClInclude Include="Inc\Entity.h">
      <Filter>Inc\World</Filter>
    </ClInclude>
    <ClInclude Include="Inc\AIWorld.h">
      <Filter>Inc\World</Filter>
    </ClInclude>
    <ClInclude Include="Inc\Agent.h">
      <Filter>Inc\World</Filter>
    </ClInclude>
    <ClInclude Include="Inc\SteeringModule.h">
      <Filter>Inc\Steering</Filter>
    </ClInclude>
    <ClInclude Include="Inc\SteeringBehavior.h">
      <Filter>Inc\Steering</Filter>
    </ClInclude>
  </ItemGroup>
  <ItemGroup>
    <ClCompile Include="Src\Precompiled.cpp">
      <Filter>Src</Filter>
    </ClCompile>
    <ClCompile Include="Src\AStar.cpp">
      <Filter>Src\Pathing</Filter>
    </ClCompile>
    <ClCompile Include="Src\BFS.cpp">
      <Filter>Src\Pathing</Filter>
    </ClCompile>
    <ClCompile Include="Src\DFS.cpp">
      <Filter>Src\Pathing</Filter>
    </ClCompile>
    <ClCompile Include="Src\Dijkstras.cpp">
      <Filter>Src\Pathing</Filter>
    </ClCompile>
    <ClCompile Include="Src\Graph.cpp">
      <Filter>Src\Pathing</Filter>
    </ClCompile>
    <ClCompile Include="Src\Entity.cpp">
      <Filter>Src\World</Filter>
    </ClCompile>
    <ClCompile Include="Src\AIWorld.cpp">
      <Filter>Src\World</Filter>
    </ClCompile>
    <ClCompile Include="Src\Agent.cpp">
      <Filter>Src\World</Filter>
    </ClCompile>
    <ClCompile Include="Src\SteeringModule.cpp">
      <Filter>Src\Steering</Filter>
    </ClCompile>
  </ItemGroup>
</Project>